
Microsoft Visual Studio Solution File, Format Version 11.00
# Visual Studio 2010
Project("{FAE04EC0-301F-11D3-BF4B-00C04F79EFBC}") = "joystick", "joystick\joystick.csproj", "{EB481F3A-0291-4665-A995-7366A3FF63E5}"
EndProject
Global
	GlobalSection(SolutionConfigurationPlatforms) = preSolution
		Debug|x86 = Debug|x86
		Release|x86 = Release|x86
	EndGlobalSection
	GlobalSection(ProjectConfigurationPlatforms) = postSolution
		{EB481F3A-0291-4665-A995-7366A3FF63E5}.Debug|x86.ActiveCfg = Debug|x86
		{EB481F3A-0291-4665-A995-7366A3FF63E5}.Debug|x86.Build.0 = Debug|x86
		{EB481F3A-0291-4665-A995-7366A3FF63E5}.Release|x86.ActiveCfg = Release|x86
		{EB481F3A-0291-4665-A995-7366A3FF63E5}.Release|x86.Build.0 = Release|x86
	EndGlobalSection
	GlobalSection(SolutionProperties) = preSolution
		HideSolutionNode = FALSE
	EndGlobalSection
EndGlobal
